
Microsoft Visual Studio Solution File, Format Version 12.00
# Visual Studio 2013
VisualStudioVersion = 12.0.30723.0
MinimumVisualStudioVersion = 10.0.40219.1
Project("{8BC9CEB8-8B4A-11D0-8D11-00A0C91BC942}") = "Demo - Console App", "Demo - Console App\Demo - Console App.vcxproj", "{2FBF86A6-94C4-4708-862A-F9E05D11DDCE}"
EndProject
Project("{8BC9CEB8-8B4A-11D0-8D11-00A0C91BC942}") = "Demo - Liquid Crystal Display", "Demo - Liquid Crystal Display\Demo - Liquid Crystal Display.vcxproj", "{7C160796-D2D7-4BC8-9D68-57E1B4DCD8D1}"
EndProject
Project("{FAE04EC0-301F-11D3-BF4B-00C04F79EFBC}") = "Demo - TMP102Web", "Demo - TMP102Web\Demo - TMP102Web.csproj", "{72F544DE-67DD-4F96-90D8-678E012B64D9}"
EndProject
Project("{8BC9CEB8-8B4A-11D0-8D11-00A0C91BC942}") = "Demo - TMP102", "Demo - TMP102\Demo - TMP102.vcxproj", "{C91FB2AB-AB34-4868-8135-7B04706C3C3F}"
	ProjectSection(ProjectDependencies) = postProject
		{72F544DE-67DD-4F96-90D8-678E012B64D9} = {72F544DE-67DD-4F96-90D8-678E012B64D9}
	EndProjectSection
EndProject
Global
	GlobalSection(SolutionConfigurationPlatforms) = preSolution
		Debug|Any CPU = Debug|Any CPU
		Debug|Mixed Platforms = Debug|Mixed Platforms
		Debug|Win32 = Debug|Win32
		Release|Any CPU = Release|Any CPU
		Release|Mixed Platforms = Release|Mixed Platforms
		Release|Win32 = Release|Win32
	EndGlobalSection
	GlobalSection(ProjectConfigurationPlatforms) = postSolution
		{2FBF86A6-94C4-4708-862A-F9E05D11DDCE}.Debug|Any CPU.ActiveCfg = Debug|Win32
		{2FBF86A6-94C4-4708-862A-F9E05D11DDCE}.Debug|Mixed Platforms.ActiveCfg = Debug|Win32
		{2FBF86A6-94C4-4708-862A-F9E05D11DDCE}.Debug|Mixed Platforms.Build.0 = Debug|Win32
		{2FBF86A6-94C4-4708-862A-F9E05D11DDCE}.Debug|Win32.ActiveCfg = Debug|Win32
		{2FBF86A6-94C4-4708-862A-F9E05D11DDCE}.Debug|Win32.Build.0 = Debug|Win32
		{2FBF86A6-94C4-4708-862A-F9E05D11DDCE}.Release|Any CPU.ActiveCfg = Release|Win32
		{2FBF86A6-94C4-4708-862A-F9E05D11DDCE}.Release|Mixed Platforms.ActiveCfg = Release|Win32
		{2FBF86A6-94C4-4708-862A-F9E05D11DDCE}.Release|Mixed Platforms.Build.0 = Release|Win32
		{2FBF86A6-94C4-4708-862A-F9E05D11DDCE}.Release|Win32.ActiveCfg = Release|Win32
		{2FBF86A6-94C4-4708-862A-F9E05D11DDCE}.Release|Win32.Build.0 = Release|Win32
		{7C160796-D2D7-4BC8-9D68-57E1B4DCD8D1}.Debug|Any CPU.ActiveCfg = Debug|Win32
		{7C160796-D2D7-4BC8-9D68-57E1B4DCD8D1}.Debug|Mixed Platforms.ActiveCfg = Debug|Win32
		{7C160796-D2D7-4BC8-9D68-57E1B4DCD8D1}.Debug|Mixed Platforms.Build.0 = Debug|Win32
		{7C160796-D2D7-4BC8-9D68-57E1B4DCD8D1}.Debug|Mixed Platforms.Deploy.0 = Debug|Win32
		{7C160796-D2D7-4BC8-9D68-57E1B4DCD8D1}.Debug|Win32.ActiveCfg = Debug|Win32
		{7C160796-D2D7-4BC8-9D68-57E1B4DCD8D1}.Debug|Win32.Build.0 = Debug|Win32
		{7C160796-D2D7-4BC8-9D68-57E1B4DCD8D1}.Release|Any CPU.ActiveCfg = Release|Win32
		{7C160796-D2D7-4BC8-9D68-57E1B4DCD8D1}.Release|Mixed Platforms.ActiveCfg = Release|Win32
		{7C160796-D2D7-4BC8-9D68-57E1B4DCD8D1}.Release|Mixed Platforms.Build.0 = Release|Win32
		{7C160796-D2D7-4BC8-9D68-57E1B4DCD8D1}.Release|Mixed Platforms.Deploy.0 = Release|Win32
		{7C160796-D2D7-4BC8-9D68-57E1B4DCD8D1}.Release|Win32.ActiveCfg = Release|Win32
		{7C160796-D2D7-4BC8-9D68-57E1B4DCD8D1}.Release|Win32.Build.0 = Release|Win32
		{72F544DE-67DD-4F96-90D8-678E012B64D9}.Debug|Any CPU.ActiveCfg = Debug|Any CPU
		{72F544DE-67DD-4F96-90D8-678E012B64D9}.Debug|Any CPU.Build.0 = Debug|Any CPU
		{72F544DE-67DD-4F96-90D8-678E012B64D9}.Debug|Mixed Platforms.ActiveCfg = Debug|Any CPU
		{72F544DE-67DD-4F96-90D8-678E012B64D9}.Debug|Mixed Platforms.Build.0 = Debug|Any CPU
		{72F544DE-67DD-4F96-90D8-678E012B64D9}.Debug|Win32.ActiveCfg = Debug|Any CPU
		{72F544DE-67DD-4F96-90D8-678E012B64D9}.Release|Any CPU.ActiveCfg = Release|Any CPU
		{72F544DE-67DD-4F96-90D8-678E012B64D9}.Release|Any CPU.Build.0 = Release|Any CPU
		{72F544DE-67DD-4F96-90D8-678E012B64D9}.Release|Mixed Platforms.ActiveCfg = Release|Any CPU
		{72F544DE-67DD-4F96-90D8-678E012B64D9}.Release|Mixed Platforms.Build.0 = Release|Any CPU
		{72F544DE-67DD-4F96-90D8-678E012B64D9}.Release|Win32.ActiveCfg = Release|Any CPU
		{C91FB2AB-AB34-4868-8135-7B04706C3C3F}.Debug|Any CPU.ActiveCfg = Debug|Win32
		{C91FB2AB-AB34-4868-8135-7B04706C3C3F}.Debug|Mixed Platforms.ActiveCfg = Debug|Win32
		{C91FB2AB-AB34-4868-8135-7B04706C3C3F}.Debug|Mixed Platforms.Build.0 = Debug|Win32
		{C91FB2AB-AB34-4868-8135-7B04706C3C3F}.Debug|Mixed Platforms.Deploy.0 = Debug|Win32
		{C91FB2AB-AB34-4868-8135-7B04706C3C3F}.Debug|Win32.ActiveCfg = Debug|Win32
		{C91FB2AB-AB34-4868-8135-7B04706C3C3F}.Debug|Win32.Build.0 = Debug|Win32
		{C91FB2AB-AB34-4868-8135-7B04706C3C3F}.Debug|Win32.Deploy.0 = Debug|Win32
		{C91FB2AB-AB34-4868-8135-7B04706C3C3F}.Release|Any CPU.ActiveCfg = Release|Win32
		{C91FB2AB-AB34-4868-8135-7B04706C3C3F}.Release|Mixed Platforms.ActiveCfg = Release|Win32
		{C91FB2AB-AB34-4868-8135-7B04706C3C3F}.Release|Mixed Platforms.Build.0 = Release|Win32
		{C91FB2AB-AB34-4868-8135-7B04706C3C3F}.Release|Mixed Platforms.Deploy.0 = Release|Win32
		{C91FB2AB-AB34-4868-8135-7B04706C3C3F}.Release|Win32.ActiveCfg = Release|Win32
		{C91FB2AB-AB34-4868-8135-7B04706C3C3F}.Release|Win32.Build.0 = Release|Win32
		{C91FB2AB-AB34-4868-8135-7B04706C3C3F}.Release|Win32.Deploy.0 = Release|Win32
	EndGlobalSection
	GlobalSection(SolutionProperties) = preSolution
		HideSolutionNode = FALSE
	EndGlobalSection
EndGlobal
